
Microsoft Visual Studio Solution File, Format Version 12.00
# Visual Studio Version 17
VisualStudioVersion = 17.2.32630.192
MinimumVisualStudioVersion = 10.0.40219.1
Project("{FAE04EC0-301F-11D3-BF4B-00C04F79EFBC}") = "HW_3_3 lINQ", "HW_3_3 lINQ.csproj", "{BB1640E9-70C1-4E8C-B4C5-81855099C82D}"
EndProject
Global
	GlobalSection(SolutionConfigurationPlatforms) = preSolution
		Debug|Any CPU = Debug|Any CPU
		Release|Any CPU = Release|Any CPU
	EndGlobalSection
	GlobalSection(ProjectConfigurationPlatforms) = postSolution
		{BB1640E9-70C1-4E8C-B4C5-81855099C82D}.Debug|Any CPU.ActiveCfg = Debug|Any CPU
		{BB1640E9-70C1-4E8C-B4C5-81855099C82D}.Debug|Any CPU.Build.0 = Debug|Any CPU
		{BB1640E9-70C1-4E8C-B4C5-81855099C82D}.Release|Any CPU.ActiveCfg = Release|Any CPU
		{BB1640E9-70C1-4E8C-B4C5-81855099C82D}.Release|Any CPU.Build.0 = Release|Any CPU
	EndGlobalSection
	GlobalSection(SolutionProperties) = preSolution
		HideSolutionNode = FALSE
	EndGlobalSection
	GlobalSection(ExtensibilityGlobals) = postSolution
		SolutionGuid = {EF0E5813-A3B1-4712-AF64-6CE8FD2D34A5}
	EndGlobalSection
EndGlobal
